
Microsoft Visual Studio Solution File, Format Version 12.00
# Visual Studio 15
VisualStudioVersion = 15.0.26124.0
MinimumVisualStudioVersion = 15.0.26124.0
Project("{FAE04EC0-301F-11D3-BF4B-00C04F79EFBC}") = "autofacDemo", "autofac\autofacDemo.csproj", "{AB951D8A-6425-4701-85E2-29C54DC9114B}"
EndProject
Project("{FAE04EC0-301F-11D3-BF4B-00C04F79EFBC}") = "task", "tasks\task.csproj", "{8A5A7568-55A7-433F-AB8B-460EEBE4864B}"
EndProject
Project("{FAE04EC0-301F-11D3-BF4B-00C04F79EFBC}") = "DependencyInjectionScopeAndDisposableDemo", "DependencyInjectionScopeAndDisposableDemo\DependencyInjectionScopeAndDisposableDemo.csproj", "{5EE9C39A-BFC3-46A6-AEE7-54BFE424C504}"
EndProject
Global
	GlobalSection(SolutionConfigurationPlatforms) = preSolution
		Debug|Any CPU = Debug|Any CPU
		Debug|x64 = Debug|x64
		Debug|x86 = Debug|x86
		Release|Any CPU = Release|Any CPU
		Release|x64 = Release|x64
		Release|x86 = Release|x86
	EndGlobalSection
	GlobalSection(SolutionProperties) = preSolution
		HideSolutionNode = FALSE
	EndGlobalSection
	GlobalSection(ProjectConfigurationPlatforms) = postSolution
		{AB951D8A-6425-4701-85E2-29C54DC9114B}.Debug|Any CPU.ActiveCfg = Debug|Any CPU
		{AB951D8A-6425-4701-85E2-29C54DC9114B}.Debug|Any CPU.Build.0 = Debug|Any CPU
		{AB951D8A-6425-4701-85E2-29C54DC9114B}.Debug|x64.ActiveCfg = Debug|Any CPU
		{AB951D8A-6425-4701-85E2-29C54DC9114B}.Debug|x64.Build.0 = Debug|Any CPU
		{AB951D8A-6425-4701-85E2-29C54DC9114B}.Debug|x86.ActiveCfg = Debug|Any CPU
		{AB951D8A-6425-4701-85E2-29C54DC9114B}.Debug|x86.Build.0 = Debug|Any CPU
		{AB951D8A-6425-4701-85E2-29C54DC9114B}.Release|Any CPU.ActiveCfg = Release|Any CPU
		{AB951D8A-6425-4701-85E2-29C54DC9114B}.Release|Any CPU.Build.0 = Release|Any CPU
		{AB951D8A-6425-4701-85E2-29C54DC9114B}.Release|x64.ActiveCfg = Release|Any CPU
		{AB951D8A-6425-4701-85E2-29C54DC9114B}.Release|x64.Build.0 = Release|Any CPU
		{AB951D8A-6425-4701-85E2-29C54DC9114B}.Release|x86.ActiveCfg = Release|Any CPU
		{AB951D8A-6425-4701-85E2-29C54DC9114B}.Release|x86.Build.0 = Release|Any CPU
		{8A5A7568-55A7-433F-AB8B-460EEBE4864B}.Debug|Any CPU.ActiveCfg = Debug|Any CPU
		{8A5A7568-55A7-433F-AB8B-460EEBE4864B}.Debug|Any CPU.Build.0 = Debug|Any CPU
		{8A5A7568-55A7-433F-AB8B-460EEBE4864B}.Debug|x64.ActiveCfg = Debug|Any CPU
		{8A5A7568-55A7-433F-AB8B-460EEBE4864B}.Debug|x64.Build.0 = Debug|Any CPU
		{8A5A7568-55A7-433F-AB8B-460EEBE4864B}.Debug|x86.ActiveCfg = Debug|Any CPU
		{8A5A7568-55A7-433F-AB8B-460EEBE4864B}.Debug|x86.Build.0 = Debug|Any CPU
		{8A5A7568-55A7-433F-AB8B-460EEBE4864B}.Release|Any CPU.ActiveCfg = Release|Any CPU
		{8A5A7568-55A7-433F-AB8B-460EEBE4864B}.Release|Any CPU.Build.0 = Release|Any CPU
		{8A5A7568-55A7-433F-AB8B-460EEBE4864B}.Release|x64.ActiveCfg = Release|Any CPU
		{8A5A7568-55A7-433F-AB8B-460EEBE4864B}.Release|x64.Build.0 = Release|Any CPU
		{8A5A7568-55A7-433F-AB8B-460EEBE4864B}.Release|x86.ActiveCfg = Release|Any CPU
		{8A5A7568-55A7-433F-AB8B-460EEBE4864B}.Release|x86.Build.0 = Release|Any CPU
		{5EE9C39A-BFC3-46A6-AEE7-54BFE424C504}.Debug|Any CPU.ActiveCfg = Debug|Any CPU
		{5EE9C39A-BFC3-46A6-AEE7-54BFE424C504}.Debug|Any CPU.Build.0 = Debug|Any CPU
		{5EE9C39A-BFC3-46A6-AEE7-54BFE424C504}.Debug|x64.ActiveCfg = Debug|Any CPU
		{5EE9C39A-BFC3-46A6-AEE7-54BFE424C504}.Debug|x64.Build.0 = Debug|Any CPU
		{5EE9C39A-BFC3-46A6-AEE7-54BFE424C504}.Debug|x86.ActiveCfg = Debug|Any CPU
		{5EE9C39A-BFC3-46A6-AEE7-54BFE424C504}.Debug|x86.Build.0 = Debug|Any CPU
		{5EE9C39A-BFC3-46A6-AEE7-54BFE424C504}.Release|Any CPU.ActiveCfg = Release|Any CPU
		{5EE9C39A-BFC3-46A6-AEE7-54BFE424C504}.Release|Any CPU.Build.0 = Release|Any CPU
		{5EE9C39A-BFC3-46A6-AEE7-54BFE424C504}.Release|x64.ActiveCfg = Release|Any CPU
		{5EE9C39A-BFC3-46A6-AEE7-54BFE424C504}.Release|x64.Build.0 = Release|Any CPU
		{5EE9C39A-BFC3-46A6-AEE7-54BFE424C504}.Release|x86.ActiveCfg = Release|Any CPU
		{5EE9C39A-BFC3-46A6-AEE7-54BFE424C504}.Release|x86.Build.0 = Release|Any CPU
	EndGlobalSection
EndGlobal
